
Microsoft Visual Studio Solution File, Format Version 12.00
# Visual Studio Version 16
VisualStudioVersion = 16.0.29613.14
MinimumVisualStudioVersion = 10.0.40219.1
Project("{2150E333-8FDC-42A3-9474-1A3956D46DE8}") = "Mobile", "Mobile", "{07FA79B5-277A-4C55-A7C1-D88F2A0B1070}"
EndProject
Project("{9A19103F-16F7-4668-BE54-9A1E7A4F7556}") = "HttpClientImplementation", "Mobile\HttpClientImplementation\HttpClientImplementation.csproj", "{A5D5CD94-0380-4B72-8125-7DBDCC89702F}"
EndProject
Project("{FAE04EC0-301F-11D3-BF4B-00C04F79EFBC}") = "HttpClientImplementation.Android", "Mobile\HttpClient.Android\HttpClientImplementation.Android.csproj", "{171E5C5F-6D58-4F74-904F-5E5702F35049}"
EndProject
Project("{FAE04EC0-301F-11D3-BF4B-00C04F79EFBC}") = "HttpClientImplementation.iOS", "Mobile\HttpClient.iOS\HttpClientImplementation.iOS.csproj", "{F147C4AC-1BB6-459E-9633-2654649D563C}"
EndProject
Project("{FAE04EC0-301F-11D3-BF4B-00C04F79EFBC}") = "HttpClientBestPractices", "HttpClientBestPractices\HttpClientBestPractices.csproj", "{311820B3-4228-4531-A045-605A1C75B799}"
EndProject
Project("{9A19103F-16F7-4668-BE54-9A1E7A4F7556}") = "EfficientApiCalls.Api", "HttpClientBestPractices.Api\EfficientApiCalls.Api.csproj", "{D10C6A0A-65DE-4722-A4B4-A1A4C910A1C9}"
EndProject
Global
	GlobalSection(SolutionConfigurationPlatforms) = preSolution
		Debug|Any CPU = Debug|Any CPU
		Debug|iPhone = Debug|iPhone
		Debug|iPhoneSimulator = Debug|iPhoneSimulator
		Release|Any CPU = Release|Any CPU
		Release|iPhone = Release|iPhone
		Release|iPhoneSimulator = Release|iPhoneSimulator
	EndGlobalSection
	GlobalSection(ProjectConfigurationPlatforms) = postSolution
		{A5D5CD94-0380-4B72-8125-7DBDCC89702F}.Debug|Any CPU.ActiveCfg = Debug|Any CPU
		{A5D5CD94-0380-4B72-8125-7DBDCC89702F}.Debug|Any CPU.Build.0 = Debug|Any CPU
		{A5D5CD94-0380-4B72-8125-7DBDCC89702F}.Debug|iPhone.ActiveCfg = Debug|Any CPU
		{A5D5CD94-0380-4B72-8125-7DBDCC89702F}.Debug|iPhone.Build.0 = Debug|Any CPU
		{A5D5CD94-0380-4B72-8125-7DBDCC89702F}.Debug|iPhoneSimulator.ActiveCfg = Debug|Any CPU
		{A5D5CD94-0380-4B72-8125-7DBDCC89702F}.Debug|iPhoneSimulator.Build.0 = Debug|Any CPU
		{A5D5CD94-0380-4B72-8125-7DBDCC89702F}.Release|Any CPU.ActiveCfg = Release|Any CPU
		{A5D5CD94-0380-4B72-8125-7DBDCC89702F}.Release|Any CPU.Build.0 = Release|Any CPU
		{A5D5CD94-0380-4B72-8125-7DBDCC89702F}.Release|iPhone.ActiveCfg = Release|Any CPU
		{A5D5CD94-0380-4B72-8125-7DBDCC89702F}.Release|iPhone.Build.0 = Release|Any CPU
		{A5D5CD94-0380-4B72-8125-7DBDCC89702F}.Release|iPhoneSimulator.ActiveCfg = Release|Any CPU
		{A5D5CD94-0380-4B72-8125-7DBDCC89702F}.Release|iPhoneSimulator.Build.0 = Release|Any CPU
		{171E5C5F-6D58-4F74-904F-5E5702F35049}.Debug|Any CPU.ActiveCfg = Debug|Any CPU
		{171E5C5F-6D58-4F74-904F-5E5702F35049}.Debug|Any CPU.Build.0 = Debug|Any CPU
		{171E5C5F-6D58-4F74-904F-5E5702F35049}.Debug|Any CPU.Deploy.0 = Debug|Any CPU
		{171E5C5F-6D58-4F74-904F-5E5702F35049}.Debug|iPhone.ActiveCfg = Debug|Any CPU
		{171E5C5F-6D58-4F74-904F-5E5702F35049}.Debug|iPhone.Build.0 = Debug|Any CPU
		{171E5C5F-6D58-4F74-904F-5E5702F35049}.Debug|iPhone.Deploy.0 = Debug|Any CPU
		{171E5C5F-6D58-4F74-904F-5E5702F35049}.Debug|iPhoneSimulator.ActiveCfg = Debug|Any CPU
		{171E5C5F-6D58-4F74-904F-5E5702F35049}.Debug|iPhoneSimulator.Build.0 = Debug|Any CPU
		{171E5C5F-6D58-4F74-904F-5E5702F35049}.Debug|iPhoneSimulator.Deploy.0 = Debug|Any CPU
		{171E5C5F-6D58-4F74-904F-5E5702F35049}.Release|Any CPU.ActiveCfg = Release|Any CPU
		{171E5C5F-6D58-4F74-904F-5E5702F35049}.Release|Any CPU.Build.0 = Release|Any CPU
		{171E5C5F-6D58-4F74-904F-5E5702F35049}.Release|Any CPU.Deploy.0 = Release|Any CPU
		{171E5C5F-6D58-4F74-904F-5E5702F35049}.Release|iPhone.ActiveCfg = Release|Any CPU
		{171E5C5F-6D58-4F74-904F-5E5702F35049}.Release|iPhone.Build.0 = Release|Any CPU
		{171E5C5F-6D58-4F74-904F-5E5702F35049}.Release|iPhone.Deploy.0 = Release|Any CPU
		{171E5C5F-6D58-4F74-904F-5E5702F35049}.Release|iPhoneSimulator.ActiveCfg = Release|Any CPU
		{171E5C5F-6D58-4F74-904F-5E5702F35049}.Release|iPhoneSimulator.Build.0 = Release|Any CPU
		{171E5C5F-6D58-4F74-904F-5E5702F35049}.Release|iPhoneSimulator.Deploy.0 = Release|Any CPU
		{F147C4AC-1BB6-459E-9633-2654649D563C}.Debug|Any CPU.ActiveCfg = Debug|iPhone
		{F147C4AC-1BB6-459E-9633-2654649D563C}.Debug|iPhone.ActiveCfg = Debug|iPhone
		{F147C4AC-1BB6-459E-9633-2654649D563C}.Debug|iPhone.Build.0 = Debug|iPhone
		{F147C4AC-1BB6-459E-9633-2654649D563C}.Debug|iPhoneSimulator.ActiveCfg = Debug|iPhoneSimulator
		{F147C4AC-1BB6-459E-9633-2654649D563C}.Debug|iPhoneSimulator.Build.0 = Debug|iPhoneSimulator
		{F147C4AC-1BB6-459E-9633-2654649D563C}.Release|Any CPU.ActiveCfg = Release|iPhone
		{F147C4AC-1BB6-459E-9633-2654649D563C}.Release|iPhone.ActiveCfg = Release|iPhone
		{F147C4AC-1BB6-459E-9633-2654649D563C}.Release|iPhone.Build.0 = Release|iPhone
		{F147C4AC-1BB6-459E-9633-2654649D563C}.Release|iPhoneSimulator.ActiveCfg = Release|iPhoneSimulator
		{F147C4AC-1BB6-459E-9633-2654649D563C}.Release|iPhoneSimulator.Build.0 = Release|iPhoneSimulator
		{311820B3-4228-4531-A045-605A1C75B799}.Debug|Any CPU.ActiveCfg = Debug|Any CPU
		{311820B3-4228-4531-A045-605A1C75B799}.Debug|Any CPU.Build.0 = Debug|Any CPU
		{311820B3-4228-4531-A045-605A1C75B799}.Debug|iPhone.ActiveCfg = Debug|Any CPU
		{311820B3-4228-4531-A045-605A1C75B799}.Debug|iPhone.Build.0 = Debug|Any CPU
		{311820B3-4228-4531-A045-605A1C75B799}.Debug|iPhoneSimulator.ActiveCfg = Debug|Any CPU
		{311820B3-4228-4531-A045-605A1C75B799}.Debug|iPhoneSimulator.Build.0 = Debug|Any CPU
		{311820B3-4228-4531-A045-605A1C75B799}.Release|Any CPU.ActiveCfg = Release|Any CPU
		{311820B3-4228-4531-A045-605A1C75B799}.Release|Any CPU.Build.0 = Release|Any CPU
		{311820B3-4228-4531-A045-605A1C75B799}.Release|iPhone.ActiveCfg = Release|Any CPU
		{311820B3-4228-4531-A045-605A1C75B799}.Release|iPhone.Build.0 = Release|Any CPU
		{311820B3-4228-4531-A045-605A1C75B799}.Release|iPhoneSimulator.ActiveCfg = Release|Any CPU
		{311820B3-4228-4531-A045-605A1C75B799}.Release|iPhoneSimulator.Build.0 = Release|Any CPU
		{D10C6A0A-65DE-4722-A4B4-A1A4C910A1C9}.Debug|Any CPU.ActiveCfg = Debug|Any CPU
		{D10C6A0A-65DE-4722-A4B4-A1A4C910A1C9}.Debug|Any CPU.Build.0 = Debug|Any CPU
		{D10C6A0A-65DE-4722-A4B4-A1A4C910A1C9}.Debug|iPhone.ActiveCfg = Debug|Any CPU
		{D10C6A0A-65DE-4722-A4B4-A1A4C910A1C9}.Debug|iPhone.Build.0 = Debug|Any CPU
		{D10C6A0A-65DE-4722-A4B4-A1A4C910A1C9}.Debug|iPhoneSimulator.ActiveCfg = Debug|Any CPU
		{D10C6A0A-65DE-4722-A4B4-A1A4C910A1C9}.Debug|iPhoneSimulator.Build.0 = Debug|Any CPU
		{D10C6A0A-65DE-4722-A4B4-A1A4C910A1C9}.Release|Any CPU.ActiveCfg = Release|Any CPU
		{D10C6A0A-65DE-4722-A4B4-A1A4C910A1C9}.Release|Any CPU.Build.0 = Release|Any CPU
		{D10C6A0A-65DE-4722-A4B4-A1A4C910A1C9}.Release|iPhone.ActiveCfg = Release|Any CPU
		{D10C6A0A-65DE-4722-A4B4-A1A4C910A1C9}.Release|iPhone.Build.0 = Release|Any CPU
		{D10C6A0A-65DE-4722-A4B4-A1A4C910A1C9}.Release|iPhoneSimulator.ActiveCfg = Release|Any CPU
		{D10C6A0A-65DE-4722-A4B4-A1A4C910A1C9}.Release|iPhoneSimulator.Build.0 = Release|Any CPU
	EndGlobalSection
	GlobalSection(SolutionProperties) = preSolution
		HideSolutionNode = FALSE
	EndGlobalSection
	GlobalSection(NestedProjects) = preSolution
		{A5D5CD94-0380-4B72-8125-7DBDCC89702F} = {07FA79B5-277A-4C55-A7C1-D88F2A0B1070}
		{171E5C5F-6D58-4F74-904F-5E5702F35049} = {07FA79B5-277A-4C55-A7C1-D88F2A0B1070}
		{F147C4AC-1BB6-459E-9633-2654649D563C} = {07FA79B5-277A-4C55-A7C1-D88F2A0B1070}
	EndGlobalSection
	GlobalSection(ExtensibilityGlobals) = postSolution
		SolutionGuid = {9FD32A25-9886-4EA1-885B-D3DAFAE12197}
	EndGlobalSection
EndGlobal
